// !$*UTF8*$!
{
	archiveVersion = 1;
	classes = {
	};
	objectVersion = 48;
	objects = {

/* Begin PBXBuildFile section */
		07ADD38C1FAD3EC900DF992A /* AppDelegate.swift in Sources */ = {isa = PBXBuildFile; fileRef = 07ADD38B1FAD3EC900DF992A /* AppDelegate.swift */; };
		07ADD38E1FAD3EC900DF992A /* LandingController.swift in Sources */ = {isa = PBXBuildFile; fileRef = 07ADD38D1FAD3EC900DF992A /* LandingController.swift */; };
		07ADD3911FAD3EC900DF992A /* Main.storyboard in Resources */ = {isa = PBXBuildFile; fileRef = 07ADD38F1FAD3EC900DF992A /* Main.storyboard */; };
		07ADD3931FAD3EC900DF992A /* Assets.xcassets in Resources */ = {isa = PBXBuildFile; fileRef = 07ADD3921FAD3EC900DF992A /* Assets.xcassets */; };
		07ADD3961FAD3EC900DF992A /* LaunchScreen.storyboard in Resources */ = {isa = PBXBuildFile; fileRef = 07ADD3941FAD3EC900DF992A /* LaunchScreen.storyboard */; };
		07F205122204E58C00A0BDB8 /* CMW-LocationCode.swift in Sources */ = {isa = PBXBuildFile; fileRef = 07F205112204E58C00A0BDB8 /* CMW-LocationCode.swift */; };
		07F3476823465B1B00DA3C2A /* CMW-Coordinates.swift in Sources */ = {isa = PBXBuildFile; fileRef = 07F3476723465B1B00DA3C2A /* CMW-Coordinates.swift */; };
/* End PBXBuildFile section */

/* Begin PBXFileReference section */
		07ADD3881FAD3EC900DF992A /* CMW Demo App.app */ = {isa = PBXFileReference; explicitFileType = wrapper.application; includeInIndex = 0; path = "CMW Demo App.app"; sourceTree = BUILT_PRODUCTS_DIR; };
		07ADD38B1FAD3EC900DF992A /* AppDelegate.swift */ = {isa = PBXFileReference; lastKnownFileType = sourcecode.swift; path = AppDelegate.swift; sourceTree = "<group>"; };
		07ADD38D1FAD3EC900DF992A /* LandingController.swift */ = {isa = PBXFileReference; lastKnownFileType = sourcecode.swift; path = LandingController.swift; sourceTree = "<group>"; };
		07ADD3901FAD3EC900DF992A /* Base */ = {isa = PBXFileReference; lastKnownFileType = file.storyboard; name = Base; path = Base.lproj/Main.storyboard; sourceTree = "<group>"; };
		07ADD3921FAD3EC900DF992A /* Assets.xcassets */ = {isa = PBXFileReference; lastKnownFileType = folder.assetcatalog; path = Assets.xcassets; sourceTree = "<group>"; };
		07ADD3951FAD3EC900DF992A /* Base */ = {isa = PBXFileReference; lastKnownFileType = file.storyboard; name = Base; path = Base.lproj/LaunchScreen.storyboard; sourceTree = "<group>"; };
		07ADD3971FAD3EC900DF992A /* Info.plist */ = {isa = PBXFileReference; lastKnownFileType = text.plist.xml; path = Info.plist; sourceTree = "<group>"; };
		07F205112204E58C00A0BDB8 /* CMW-LocationCode.swift */ = {isa = PBXFileReference; lastKnownFileType = sourcecode.swift; path = "CMW-LocationCode.swift"; sourceTree = "<group>"; };
		07F3476723465B1B00DA3C2A /* CMW-Coordinates.swift */ = {isa = PBXFileReference; lastKnownFileType = sourcecode.swift; path = "CMW-Coordinates.swift"; sourceTree = "<group>"; };
/* End PBXFileReference section */

/* Begin PBXFrameworksBuildPhase section */
		07ADD3851FAD3EC800DF992A /* Frameworks */ = {
			isa = PBXFrameworksBuildPhase;
			buildActionMask = 2147483647;
			files = (
			);
			runOnlyForDeploymentPostprocessing = 0;
		};
/* End PBXFrameworksBuildPhase section */

/* Begin PBXGroup section */
		07ADD37F1FAD3EC800DF992A = {
			isa = PBXGroup;
			children = (
				07ADD38A1FAD3EC900DF992A /* CMWDemoApp */,
				07ADD3891FAD3EC900DF992A /* Products */,
			);
			sourceTree = "<group>";
		};
		07ADD3891FAD3EC900DF992A /* Products */ = {
			isa = PBXGroup;
			children = (
				07ADD3881FAD3EC900DF992A /* CMW Demo App.app */,
			);
			name = Products;
			sourceTree = "<group>";
		};
		07ADD38A1FAD3EC900DF992A /* CMWDemoApp */ = {
			isa = PBXGroup;
			children = (
				07ADD3941FAD3EC900DF992A /* LaunchScreen.storyboard */,
				07ADD38F1FAD3EC900DF992A /* Main.storyboard */,
				07ADD3971FAD3EC900DF992A /* Info.plist */,
				07ADD38B1FAD3EC900DF992A /* AppDelegate.swift */,
				07ADD38D1FAD3EC900DF992A /* LandingController.swift */,
				07F205112204E58C00A0BDB8 /* CMW-LocationCode.swift */,
				07F3476723465B1B00DA3C2A /* CMW-Coordinates.swift */,
				07ADD3921FAD3EC900DF992A /* Assets.xcassets */,
			);
			path = CMWDemoApp;
			sourceTree = "<group>";
		};
/* End PBXGroup section */

/* Begin PBXNativeTarget section */
		07ADD3871FAD3EC800DF992A /* CMWDemoApp */ = {
			isa = PBXNativeTarget;
			buildConfigurationList = 07ADD39A1FAD3EC900DF992A /* Build configuration list for PBXNativeTarget "CMWDemoApp" */;
			buildPhases = (
				07ADD3841FAD3EC800DF992A /* Sources */,
				07ADD3851FAD3EC800DF992A /* Frameworks */,
				07ADD3861FAD3EC800DF992A /* Resources */,
			);
			buildRules = (
			);
			dependencies = (
			);
			name = CMWDemoApp;
			productName = "TC Metro";
			productReference = 07ADD3881FAD3EC900DF992A /* CMW Demo App.app */;
			productType = "com.apple.product-type.application";
		};
/* End PBXNativeTarget section */

/* Begin PBXProject section */
		07ADD3801FAD3EC800DF992A /* Project object */ = {
			isa = PBXProject;
			attributes = {
				LastSwiftUpdateCheck = 0910;
				LastUpgradeCheck = 0940;
				ORGANIZATIONNAME = TransitScreen;
				TargetAttributes = {
					07ADD3871FAD3EC800DF992A = {
						CreatedOnToolsVersion = 9.1;
						LastSwiftMigration = 1020;
						ProvisioningStyle = Automatic;
					};
				};
			};
			buildConfigurationList = 07ADD3831FAD3EC800DF992A /* Build configuration list for PBXProject "CMWDemoApp" */;
			compatibilityVersion = "Xcode 8.0";
			developmentRegion = en;
			hasScannedForEncodings = 0;
			knownRegions = (
				en,
				Base,
			);
			mainGroup = 07ADD37F1FAD3EC800DF992A;
			productRefGroup = 07ADD3891FAD3EC900DF992A /* Products */;
			projectDirPath = "";
			projectRoot = "";
			targets = (
				07ADD3871FAD3EC800DF992A /* CMWDemoApp */,
			);
		};
/* End PBXProject section */

/* Begin PBXResourcesBuildPhase section */
		07ADD3861FAD3EC800DF992A /* Resources */ = {
			isa = PBXResourcesBuildPhase;
			buildActionMask = 2147483647;
			files = (
				07ADD3961FAD3EC900DF992A /* LaunchScreen.storyboard in Resources */,
				07ADD3931FAD3EC900DF992A /* Assets.xcassets in Resources */,
				07ADD3911FAD3EC900DF992A /* Main.storyboard in Resources */,
			);
			runOnlyForDeploymentPostprocessing = 0;
		};
/* End PBXResourcesBuildPhase section */

/* Begin PBXSourcesBuildPhase section */
		07ADD3841FAD3EC800DF992A /* Sources */ = {
			isa = PBXSourcesBuildPhase;
			buildActionMask = 2147483647;
			files = (
				07ADD38E1FAD3EC900DF992A /* LandingController.swift in Sources */,
				07F205122204E58C00A0BDB8 /* CMW-LocationCode.swift in Sources */,
				07ADD38C1FAD3EC900DF992A /* AppDelegate.swift in Sources */,
				07F3476823465B1B00DA3C2A /* CMW-Coordinates.swift in Sources */,
			);
			runOnlyForDeploymentPostprocessing = 0;
		};
/* End PBXSourcesBuildPhase section */

/* Begin PBXVariantGroup section */
		07ADD38F1FAD3EC900DF992A /* Main.storyboard */ = {
			isa = PBXVariantGroup;
			children = (
				07ADD3901FAD3EC900DF992A /* Base */,
			);
			name = Main.storyboard;
			sourceTree = "<group>";
		};
		07ADD3941FAD3EC900DF992A /* LaunchScreen.storyboard */ = {
			isa = PBXVariantGroup;
			children = (
				07ADD3951FAD3EC900DF992A /* Base */,
			);
			name = LaunchScreen.storyboard;
			sourceTree = "<group>";
		};
/* End PBXVariantGroup section */

/* Begin XCBuildConfiguration section */
		07ADD3981FAD3EC900DF992A /* Debug */ = {
			isa = XCBuildConfiguration;
			buildSettings = {
				ALWAYS_SEARCH_USER_PATHS = NO;
				CLANG_ANALYZER_NONNULL = YES;
				CLANG_ANALYZER_NUMBER_OBJECT_CONVERSION = YES_AGGRESSIVE;
				CLANG_CXX_LANGUAGE_STANDARD = "gnu++14";
				CLANG_CXX_LIBRARY = "libc++";
				CLANG_ENABLE_MODULES = YES;
				CLANG_ENABLE_OBJC_ARC = YES;
				CLANG_WARN_BLOCK_CAPTURE_AUTORELEASING = YES;
				CLANG_WARN_BOOL_CONVERSION = YES;
				CLANG_WARN_COMMA = YES;
				CLANG_WARN_CONSTANT_CONVERSION = YES;
				CLANG_WARN_DEPRECATED_OBJC_IMPLEMENTATIONS = YES;
				CLANG_WARN_DIRECT_OBJC_ISA_USAGE = YES_ERROR;
				CLANG_WARN_DOCUMENTATION_COMMENTS = YES;
				CLANG_WARN_EMPTY_BODY = YES;
				CLANG_WARN_ENUM_CONVERSION = YES;
				CLANG_WARN_INFINITE_RECURSION = YES;
				CLANG_WARN_INT_CONVERSION = YES;
				CLANG_WARN_NON_LITERAL_NULL_CONVERSION = YES;
				CLANG_WARN_OBJC_IMPLICIT_RETAIN_SELF = YES;
				CLANG_WARN_OBJC_LITERAL_CONVERSION = YES;
				CLANG_WARN_OBJC_ROOT_CLASS = YES_ERROR;
				CLANG_WARN_RANGE_LOOP_ANALYSIS = YES;
				CLANG_WARN_STRICT_PROTOTYPES = YES;
				CLANG_WARN_SUSPICIOUS_MOVE = YES;
				CLANG_WARN_UNGUARDED_AVAILABILITY = YES_AGGRESSIVE;
				CLANG_WARN_UNREACHABLE_CODE = YES;
				CLANG_WARN__DUPLICATE_METHOD_MATCH = YES;
				CODE_SIGN_IDENTITY = "iPhone Developer";
				COPY_PHASE_STRIP = NO;
				DEBUG_INFORMATION_FORMAT = dwarf;
				ENABLE_STRICT_OBJC_MSGSEND = YES;
				ENABLE_TESTABILITY = YES;
				GCC_C_LANGUAGE_STANDARD = gnu11;
				GCC_DYNAMIC_NO_PIC = NO;
				GCC_NO_COMMON_BLOCKS = YES;
				GCC_OPTIMIZATION_LEVEL = 0;
				GCC_PREPROCESSOR_DEFINITIONS = (
					"DEBUG=1",
					"$(inherited)",
				);
				GCC_WARN_64_TO_32_BIT_CONVERSION = YES;
				GCC_WARN_ABOUT_RETURN_TYPE = YES_ERROR;
				GCC_WARN_UNDECLARED_SELECTOR = YES;
				GCC_WARN_UNINITIALIZED_AUTOS = YES_AGGRESSIVE;
				GCC_WARN_UNUSED_FUNCTION = YES;
				GCC_WARN_UNUSED_VARIABLE = YES;
				IPHONEOS_DEPLOYMENT_TARGET = 11.1;
				MTL_ENABLE_DEBUG_INFO = YES;
				ONLY_ACTIVE_ARCH = YES;
				SDKROOT = iphoneos;
				SWIFT_ACTIVE_COMPILATION_CONDITIONS = DEBUG;
				SWIFT_OPTIMIZATION_LEVEL = "-Onone";
			};
			name = Debug;
		};
		07ADD3991FAD3EC900DF992A /* Release */ = {
			isa = XCBuildConfiguration;
			buildSettings = {
				ALWAYS_SEARCH_USER_PATHS = NO;
				CLANG_ANALYZER_NONNULL = YES;
				CLANG_ANALYZER_NUMBER_OBJECT_CONVERSION = YES_AGGRESSIVE;
				CLANG_CXX_LANGUAGE_STANDARD = "gnu++14";
				CLANG_CXX_LIBRARY = "libc++";
				CLANG_ENABLE_MODULES = YES;
				CLANG_ENABLE_OBJC_ARC = YES;
				CLANG_WARN_BLOCK_CAPTURE_AUTORELEASING = YES;
				CLANG_WARN_BOOL_CONVERSION = YES;
				CLANG_WARN_COMMA = YES;
				CLANG_WARN_CONSTANT_CONVERSION = YES;
				CLANG_WARN_DEPRECATED_OBJC_IMPLEMENTATIONS = YES;
				CLANG_WARN_DIRECT_OBJC_ISA_USAGE = YES_ERROR;
				CLANG_WARN_DOCUMENTATION_COMMENTS = YES;
				CLANG_WARN_EMPTY_BODY = YES;
				CLANG_WARN_ENUM_CONVERSION = YES;
				CLANG_WARN_INFINITE_RECURSION = YES;
				CLANG_WARN_INT_CONVERSION = YES;
				CLANG_WARN_NON_LITERAL_NULL_CONVERSION = YES;
				CLANG_WARN_OBJC_IMPLICIT_RETAIN_SELF = YES;
				CLANG_WARN_OBJC_LITERAL_CONVERSION = YES;
				CLANG_WARN_OBJC_ROOT_CLASS = YES_ERROR;
				CLANG_WARN_RANGE_LOOP_ANALYSIS = YES;
				CLANG_WARN_STRICT_PROTOTYPES = YES;
				CLANG_WARN_SUSPICIOUS_MOVE = YES;
				CLANG_WARN_UNGUARDED_AVAILABILITY = YES_AGGRESSIVE;
				CLANG_WARN_UNREACHABLE_CODE = YES;
				CLANG_WARN__DUPLICATE_METHOD_MATCH = YES;
				CODE_SIGN_IDENTITY = "iPhone Developer";
				COPY_PHASE_STRIP = NO;
				DEBUG_INFORMATION_FORMAT = "dwarf-with-dsym";
				ENABLE_NS_ASSERTIONS = NO;
				ENABLE_STRICT_OBJC_MSGSEND = YES;
				GCC_C_LANGUAGE_STANDARD = gnu11;
				GCC_NO_COMMON_BLOCKS = YES;
				GCC_WARN_64_TO_32_BIT_CONVERSION = YES;
				GCC_WARN_ABOUT_RETURN_TYPE = YES_ERROR;
				GCC_WARN_UNDECLARED_SELECTOR = YES;
				GCC_WARN_UNINITIALIZED_AUTOS = YES_AGGRESSIVE;
				GCC_WARN_UNUSED_FUNCTION = YES;
				GCC_WARN_UNUSED_VARIABLE = YES;
				IPHONEOS_DEPLOYMENT_TARGET = 11.1;
				MTL_ENABLE_DEBUG_INFO = NO;
				SDKROOT = iphoneos;
				SWIFT_OPTIMIZATION_LEVEL = "-Owholemodule";
				VALIDATE_PRODUCT = YES;
			};
			name = Release;
		};
		07ADD39B1FAD3EC900DF992A /* Debug */ = {
			isa = XCBuildConfiguration;
			buildSettings = {
				ASSETCATALOG_COMPILER_APPICON_NAME = AppIcon;
				CODE_SIGN_STYLE = Automatic;
				CURRENT_PROJECT_VERSION = 1;
				DEVELOPMENT_TEAM = NH4E2Q2PY7;
				INFOPLIST_FILE = "$(SRCROOT)/CMWDemoApp/Info.plist";
				IPHONEOS_DEPLOYMENT_TARGET = 10.3;
				LD_RUNPATH_SEARCH_PATHS = "$(inherited) @executable_path/Frameworks";
				MARKETING_VERSION = 0.5.2;
				PRODUCT_BUNDLE_IDENTIFIER = com.transitscreen.cmwdemo;
				PRODUCT_NAME = "CMW Demo App";
				SWIFT_VERSION = 5.0;
				TARGETED_DEVICE_FAMILY = "1,2";
			};
			name = Debug;
		};
		07ADD39C1FAD3EC900DF992A /* Release */ = {
			isa = XCBuildConfiguration;
			buildSettings = {
				ASSETCATALOG_COMPILER_APPICON_NAME = AppIcon;
				CODE_SIGN_STYLE = Automatic;
				CURRENT_PROJECT_VERSION = 1;
				DEVELOPMENT_TEAM = NH4E2Q2PY7;
				INFOPLIST_FILE = "$(SRCROOT)/CMWDemoApp/Info.plist";
				IPHONEOS_DEPLOYMENT_TARGET = 10.3;
				LD_RUNPATH_SEARCH_PATHS = "$(inherited) @executable_path/Frameworks";
				MARKETING_VERSION = 0.5.2;
				PRODUCT_BUNDLE_IDENTIFIER = com.transitscreen.cmwdemo;
				PRODUCT_NAME = "CMW Demo App";
				SWIFT_VERSION = 5.0;
				TARGETED_DEVICE_FAMILY = "1,2";
			};
			name = Release;
		};
/* End XCBuildConfiguration section */

/* Begin XCConfigurationList section */
		07ADD3831FAD3EC800DF992A /* Build configuration list for PBXProject "CMWDemoApp" */ = {
			isa = XCConfigurationList;
			buildConfigurations = (
				07ADD3981FAD3EC900DF992A /* Debug */,
				07ADD3991FAD3EC900DF992A /* Release */,
			);
			defaultConfigurationIsVisible = 0;
			defaultConfigurationName = Release;
		};
		07ADD39A1FAD3EC900DF992A /* Build configuration list for PBXNativeTarget "CMWDemoApp" */ = {
			isa = XCConfigurationList;
			buildConfigurations = (
				07ADD39B1FAD3EC900DF992A /* Debug */,
				07ADD39C1FAD3EC900DF992A /* Release */,
			);
			defaultConfigurationIsVisible = 0;
			defaultConfigurationName = Release;
		};
/* End XCConfigurationList section */
	};
	rootObject = 07ADD3801FAD3EC800DF992A /* Project object */;
}
